schema: '2.0'
stages:
  testCreateDataset:
    cmd: python src\createDataset.py 10
    deps:
    - path: src\createDataset.py
      md5: f6ce1a343e309ab09d2d07b6a743d812
      size: 1201
    outs:
    - path: dataset\original
      md5: 2d21db91085ab18c5304f71a14a34fcf.dir
      size: 8200241
      nfiles: 1
    - path: dataset\prepared
      md5: 1154cc6828741f9866f56bf59100d060.dir
      size: 82002410
      nfiles: 10
  TestTraining:
    cmd: python src\train_model.py
    deps:
    - path: src\train_model.py
      md5: f505a7831f33764b330d049a60685a8c
      size: 757
    params:
      params.yaml:
        train.test_size: 0.2
  TestInference:
    cmd: python src\inference.py
    deps:
    - path: model\model_v001.pkl
      md5: 2e555c86859e9fd6537a42dbadf6a060
      size: 1329373
    - path: src\inference.py
      md5: e1b2f9f41ec54e96b4acd380a27c4dfa
      size: 487
    params:
      params.yaml:
        inference.n_test: 5
    outs:
    - path: score
      md5: 0c1ae9d5b1fd006dedb9034677fd8ff4.dir
      size: 65
      nfiles: 1
  TestEvaluate:
    cmd: python src\evaluate.py
    deps:
    - path: model\model_v001.pkl
      md5: 2e555c86859e9fd6537a42dbadf6a060
      size: 1329373
    - path: src\evaluate.py
      md5: 2f81469c99952ada8563c07de2e81d37
      size: 521
    outs:
    - path: inference\score.txt
      md5: 0e36c9aac98cd33acab73f77c82d48b6
      size: 130
